{
    "_readme": [
        "This file locks the dependencies of your project to a known state",
        "Read more about it at https://getcomposer.org/doc/01-basic-usage.md#composer-lock-the-lock-file",
        "This file is @generated automatically"
    ],
    "hash": "48fcb931b34f0f48ddf9d2a1b64dc921",
    "packages": [
        {
            "name": "d11wtq/boris",
            "version": "v1.0.10",
            "source": {
                "type": "git",
                "url": "https://github.com/borisrepl/boris.git",
                "reference": "31055b15e2d3fe47f31f6aa8e277f8f3fc7eb483"
            },
            "dist": {
                "type": "zip",
                "url": "https://api.github.com/repos/borisrepl/boris/zipball/31055b15e2d3fe47f31f6aa8e277f8f3fc7eb483",
                "reference": "31055b15e2d3fe47f31f6aa8e277f8f3fc7eb483",
                "shasum": ""
            },
            "require": {
                "ext-pcntl": "*",
                "ext-posix": "*",
                "ext-readline": "*",
                "php": ">=5.3.0"
            },
            "bin": [
                "bin/boris"
            ],
            "type": "library",
            "autoload": {
                "psr-0": {
                    "Boris": "lib"
                }
            },
            "notification-url": "https://packagist.org/downloads/",
            "license": [
                "MIT"
            ],
            "description": "A tiny, but robust REPL (Read-Evaluate-Print-Loop) for PHP.",
            "time": "2015-03-01 08:05:19"
        }
    ],
    "packages-dev": [],
    "aliases": [],
    "minimum-stability": "stable",
    "stability-flags": [],
    "prefer-stable": false,
    "prefer-lowest": false,
    "platform": [],
    "platform-dev": []
}
